
Microsoft Visual Studio Solution File, Format Version 12.00
# Visual Studio 2012
Project("{FAE04EC0-301F-11D3-BF4B-00C04F79EFBC}") = "Porges.WindowsAzure.Storage.Async", "Porges.WindowsAzure.Storage.Async\Porges.WindowsAzure.Storage.Async.csproj", "{A978C095-A69A-4729-8535-78F9A9B5EBE2}"
EndProject
Project("{FAE04EC0-301F-11D3-BF4B-00C04F79EFBC}") = "Porges.WindowsAzure.Storage.Async.Test", "Porges.WindowsAzure.Storage.Async.Test\Porges.WindowsAzure.Storage.Async.Test.csproj", "{A4339EC1-6743-464F-8C27-ACB0DFE94D95}"
EndProject
Global
	GlobalSection(SolutionConfigurationPlatforms) = preSolution
		Debug|Any CPU = Debug|Any CPU
		Release|Any CPU = Release|Any CPU
	EndGlobalSection
	GlobalSection(ProjectConfigurationPlatforms) = postSolution
		{A978C095-A69A-4729-8535-78F9A9B5EBE2}.Debug|Any CPU.ActiveCfg = Debug|Any CPU
		{A978C095-A69A-4729-8535-78F9A9B5EBE2}.Debug|Any CPU.Build.0 = Debug|Any CPU
		{A978C095-A69A-4729-8535-78F9A9B5EBE2}.Release|Any CPU.ActiveCfg = Release|Any CPU
		{A978C095-A69A-4729-8535-78F9A9B5EBE2}.Release|Any CPU.Build.0 = Release|Any CPU
		{A4339EC1-6743-464F-8C27-ACB0DFE94D95}.Debug|Any CPU.ActiveCfg = Debug|Any CPU
		{A4339EC1-6743-464F-8C27-ACB0DFE94D95}.Debug|Any CPU.Build.0 = Debug|Any CPU
		{A4339EC1-6743-464F-8C27-ACB0DFE94D95}.Release|Any CPU.ActiveCfg = Release|Any CPU
		{A4339EC1-6743-464F-8C27-ACB0DFE94D95}.Release|Any CPU.Build.0 = Release|Any CPU
	EndGlobalSection
	GlobalSection(SolutionProperties) = preSolution
		HideSolutionNode = FALSE
	EndGlobalSection
EndGlobal
